
Microsoft Visual Studio Solution File, Format Version 12.00
# Visual Studio 2013
VisualStudioVersion = 12.0.31101.0
MinimumVisualStudioVersion = 10.0.40219.1
Project("{8BC9CEB8-8B4A-11D0-8D11-00A0C91BC942}") = "Demosaicing", "Demosaicing.vcxproj", "{25F0CBB4-F0AF-41F2-859D-CFC60491D45D}"
EndProject
Global
	GlobalSection(SolutionConfigurationPlatforms) = preSolution
		Debug|x64 = Debug|x64
		Release|x64 = Release|x64
	EndGlobalSection
	GlobalSection(ProjectConfigurationPlatforms) = postSolution
		{25F0CBB4-F0AF-41F2-859D-CFC60491D45D}.Debug|x64.ActiveCfg = Debug|x64
		{25F0CBB4-F0AF-41F2-859D-CFC60491D45D}.Debug|x64.Build.0 = Debug|x64
		{25F0CBB4-F0AF-41F2-859D-CFC60491D45D}.Release|x64.ActiveCfg = Release|x64
		{25F0CBB4-F0AF-41F2-859D-CFC60491D45D}.Release|x64.Build.0 = Release|x64
	EndGlobalSection
	GlobalSection(SolutionProperties) = preSolution
		HideSolutionNode = FALSE
	EndGlobalSection
EndGlobal
